
Microsoft Visual Studio Solution File, Format Version 12.00
# Visual Studio Version 17
VisualStudioVersion = 17.14.36301.6 d17.14
MinimumVisualStudioVersion = 10.0.40219.1
Project("{FAE04EC0-301F-11D3-BF4B-00C04F79EFBC}") = "TrainTicketManagement", "TrainTicketManagement\TrainTicketManagement.csproj", "{36716265-CB91-489C-B3A0-14CBA86433DA}"
EndProject
Global
	GlobalSection(SolutionConfigurationPlatforms) = preSolution
		Debug|Any CPU = Debug|Any CPU
		Release|Any CPU = Release|Any CPU
	EndGlobalSection
	GlobalSection(ProjectConfigurationPlatforms) = postSolution
		{36716265-CB91-489C-B3A0-14CBA86433DA}.Debug|Any CPU.ActiveCfg = Debug|Any CPU
		{36716265-CB91-489C-B3A0-14CBA86433DA}.Debug|Any CPU.Build.0 = Debug|Any CPU
		{36716265-CB91-489C-B3A0-14CBA86433DA}.Release|Any CPU.ActiveCfg = Release|Any CPU
		{36716265-CB91-489C-B3A0-14CBA86433DA}.Release|Any CPU.Build.0 = Release|Any CPU
	EndGlobalSection
	GlobalSection(SolutionProperties) = preSolution
		HideSolutionNode = FALSE
	EndGlobalSection
	GlobalSection(ExtensibilityGlobals) = postSolution
		SolutionGuid = {87135438-3EF2-482B-BAAE-C28BA2DDD136}
	EndGlobalSection
EndGlobal
